# THIS IS AN AUTOGENERATED FILE. DO NOT EDIT THIS FILE DIRECTLY.
# yarn lockfile v1


argparse@^1.0.7:
  version "1.0.10"
  resolved "https://registry.yarnpkg.com/argparse/-/argparse-1.0.10.tgz#bcd6791ea5ae09725e17e5ad988134cd40b3d911"
  dependencies:
    sprintf-js "~1.0.2"

balanced-match@^1.0.0:
  version "1.0.0"
  resolved "https://registry.yarnpkg.com/balanced-match/-/balanced-match-1.0.0.tgz#89b4d199ab2bee49de164ea02b89ce462d71b767"

base64-js@1.2.0:
  version "1.2.0"
  resolved "https://registry.yarnpkg.com/base64-js/-/base64-js-1.2.0.tgz#a39992d723584811982be5e290bb6a53d86700f1"

big-integer@^1.6.7:
  version "1.6.32"
  resolved "https://registry.yarnpkg.com/big-integer/-/big-integer-1.6.32.tgz#5867458b25ecd5bcb36b627c30bb501a13c07e89"

bplist-creator@0.0.7:
  version "0.0.7"
  resolved "https://registry.yarnpkg.com/bplist-creator/-/bplist-creator-0.0.7.tgz#37df1536092824b87c42f957b01344117372ae45"
  dependencies:
    stream-buffers "~2.2.0"

bplist-parser@0.1.1:
  version "0.1.1"
  resolved "https://registry.yarnpkg.com/bplist-parser/-/bplist-parser-0.1.1.tgz#d60d5dcc20cba6dc7e1f299b35d3e1f95dafbae6"
  dependencies:
    big-integer "^1.6.7"

brace-expansion@^1.1.7:
  version "1.1.11"
  resolved "https://registry.yarnpkg.com/brace-expansion/-/brace-expansion-1.1.11.tgz#3c7fcbf529d87226f3d2f52b966ff5271eb441dd"
  dependencies:
    balanced-match "^1.0.0"
    concat-map "0.0.1"

clorox@^1.0.3:
  version "1.0.3"
  resolved "https://registry.yarnpkg.com/clorox/-/clorox-1.0.3.tgz#6fa63653f280c33d69f548fb14d239ddcfa1590d"

commander@^2.16.0:
  version "2.16.0"
  resolved "https://registry.yarnpkg.com/commander/-/commander-2.16.0.tgz#f16390593996ceb4f3eeb020b31d78528f7f8a50"

concat-map@0.0.1:
  version "0.0.1"
  resolved "https://registry.yarnpkg.com/concat-map/-/concat-map-0.0.1.tgz#d8a96bd77fd68df7793a73036a3ba0d5405d477b"

esprima@^4.0.0:
  version "4.0.0"
  resolved "https://registry.yarnpkg.com/esprima/-/esprima-4.0.0.tgz#4499eddcd1110e0b218bacf2fa7f7f59f55ca804"

extend-shallow@^2.0.1:
  version "2.0.1"
  resolved "https://registry.yarnpkg.com/extend-shallow/-/extend-shallow-2.0.1.tgz#51af7d614ad9a9f610ea1bafbb989d6b1c56890f"
  dependencies:
    is-extendable "^0.1.0"

fs-exists-sync@^0.1.0:
  version "0.1.0"
  resolved "https://registry.yarnpkg.com/fs-exists-sync/-/fs-exists-sync-0.1.0.tgz#982d6893af918e72d08dec9e8673ff2b5a8d6add"

fs.realpath@^1.0.0:
  version "1.0.0"
  resolved "https://registry.yarnpkg.com/fs.realpath/-/fs.realpath-1.0.0.tgz#1504ad2523158caa40db4a2787cb01411994ea4f"

glob@^7.0.0:
  version "7.1.2"
  resolved "https://registry.yarnpkg.com/glob/-/glob-7.1.2.tgz#c19c9df9a028702d678612384a6552404c636d15"
  dependencies:
    fs.realpath "^1.0.0"
    inflight "^1.0.4"
    inherits "2"
    minimatch "^3.0.4"
    once "^1.3.0"
    path-is-absolute "^1.0.0"

inflight@^1.0.4:
  version "1.0.6"
  resolved "https://registry.yarnpkg.com/inflight/-/inflight-1.0.6.tgz#49bd6331d7d02d0c09bc910a1075ba8165b56df9"
  dependencies:
    once "^1.3.0"
    wrappy "1"

inherits@2:
  version "2.0.3"
  resolved "https://registry.yarnpkg.com/inherits/-/inherits-2.0.3.tgz#633c2c83e3da42a502f52466022480f4208261de"

interpret@^1.0.0:
  version "1.1.0"
  resolved "https://registry.yarnpkg.com/interpret/-/interpret-1.1.0.tgz#7ed1b1410c6a0e0f78cf95d3b8440c63f78b8614"

is-extendable@^0.1.0:
  version "0.1.1"
  resolved "https://registry.yarnpkg.com/is-extendable/-/is-extendable-0.1.1.tgz#62b110e289a471418e3ec36a617d472e301dfc89"

js-yaml@^3.8.3:
  version "3.12.0"
  resolved "https://registry.yarnpkg.com/js-yaml/-/js-yaml-3.12.0.tgz#eaed656ec8344f10f527c6bfa1b6e2244de167d1"
  dependencies:
    argparse "^1.0.7"
    esprima "^4.0.0"

minimatch@^3.0.4:
  version "3.0.4"
  resolved "https://registry.yarnpkg.com/minimatch/-/minimatch-3.0.4.tgz#5166e286457f03306064be5497e8dbb0c3d32083"
  dependencies:
    brace-expansion "^1.1.7"

minimist@0.0.8:
  version "0.0.8"
  resolved "https://registry.yarnpkg.com/minimist/-/minimist-0.0.8.tgz#857fcabfc3397d2625b8228262e86aa7a011b05d"

mkdirp@^0.5.1:
  version "0.5.1"
  resolved "https://registry.yarnpkg.com/mkdirp/-/mkdirp-0.5.1.tgz#30057438eac6cf7f8c4767f38648d6697d75c903"
  dependencies:
    minimist "0.0.8"

once@^1.3.0:
  version "1.4.0"
  resolved "https://registry.yarnpkg.com/once/-/once-1.4.0.tgz#583b1aa775961d4b113ac17d9c50baef9dd76bd1"
  dependencies:
    wrappy "1"

path-is-absolute@^1.0.0:
  version "1.0.1"
  resolved "https://registry.yarnpkg.com/path-is-absolute/-/path-is-absolute-1.0.1.tgz#174b9268735534ffbc7ace6bf53a5a9e1b5c5f5f"

path-parse@^1.0.5:
  version "1.0.5"
  resolved "https://registry.yarnpkg.com/path-parse/-/path-parse-1.0.5.tgz#3c1adf871ea9cd6c9431b6ea2bd74a0ff055c4c1"

plist@2.1.0:
  version "2.1.0"
  resolved "https://registry.yarnpkg.com/plist/-/plist-2.1.0.tgz#57ccdb7a0821df21831217a3cad54e3e146a1025"
  dependencies:
    base64-js "1.2.0"
    xmlbuilder "8.2.2"
    xmldom "0.1.x"

prompts@^0.1.10:
  version "0.1.10"
  resolved "https://registry.yarnpkg.com/prompts/-/prompts-0.1.10.tgz#832cbf6116ecb121d6884e84643bb2cf92b3ed2c"
  dependencies:
    clorox "^1.0.3"
    sisteransi "^0.1.1"

rechoir@^0.6.2:
  version "0.6.2"
  resolved "https://registry.yarnpkg.com/rechoir/-/rechoir-0.6.2.tgz#85204b54dba82d5742e28c96756ef43af50e3384"
  dependencies:
    resolve "^1.1.6"

resolve@^1.1.6:
  version "1.8.1"
  resolved "https://registry.yarnpkg.com/resolve/-/resolve-1.8.1.tgz#82f1ec19a423ac1fbd080b0bab06ba36e84a7a26"
  dependencies:
    path-parse "^1.0.5"

shelljs@^0.8.2:
  version "0.8.2"
  resolved "https://registry.yarnpkg.com/shelljs/-/shelljs-0.8.2.tgz#345b7df7763f4c2340d584abb532c5f752ca9e35"
  dependencies:
    glob "^7.0.0"
    interpret "^1.0.0"
    rechoir "^0.6.2"

simple-plist@^0.3.0:
  version "0.3.0"
  resolved "https://registry.yarnpkg.com/simple-plist/-/simple-plist-0.3.0.tgz#929b0e81e826b47929f7561c324a3d348e700a09"
  dependencies:
    bplist-creator "0.0.7"
    bplist-parser "0.1.1"
    plist "2.1.0"

sisteransi@^0.1.1:
  version "0.1.1"
  resolved "https://registry.yarnpkg.com/sisteransi/-/sisteransi-0.1.1.tgz#5431447d5f7d1675aac667ccd0b865a4994cb3ce"

sprintf-js@~1.0.2:
  version "1.0.3"
  resolved "https://registry.yarnpkg.com/sprintf-js/-/sprintf-js-1.0.3.tgz#04e6926f662895354f3dd015203633b857297e2c"

stream-buffers@~2.2.0:
  version "2.2.0"
  resolved "https://registry.yarnpkg.com/stream-buffers/-/stream-buffers-2.2.0.tgz#91d5f5130d1cef96dcfa7f726945188741d09ee4"

wrappy@1:
  version "1.0.2"
  resolved "https://registry.yarnpkg.com/wrappy/-/wrappy-1.0.2.tgz#b5243d8f3ec1aa35f1364605bc0d1036e30ab69f"

write-yaml@^1.0.0:
  version "1.0.0"
  resolved "https://registry.yarnpkg.com/write-yaml/-/write-yaml-1.0.0.tgz#314596119d0db91247cbc835bce0033b6e0ba09e"
  dependencies:
    extend-shallow "^2.0.1"
    js-yaml "^3.8.3"
    write "^0.3.3"

write@^0.3.3:
  version "0.3.3"
  resolved "https://registry.yarnpkg.com/write/-/write-0.3.3.tgz#09cdc5a2155607ee279f45e38d91ae29fb6a5178"
  dependencies:
    fs-exists-sync "^0.1.0"
    mkdirp "^0.5.1"

xcodegen@dehlen/xcodegen:
  version "1.9.2"
  resolved "https://codeload.github.com/dehlen/xcodegen/tar.gz/0f0373cd3c433479cb8ef60bccd89cd3f65aafa6"

xmlbuilder@8.2.2:
  version "8.2.2"
  resolved "https://registry.yarnpkg.com/xmlbuilder/-/xmlbuilder-8.2.2.tgz#69248673410b4ba42e1a6136551d2922335aa773"

xmldom@0.1.x:
  version "0.1.27"
  resolved "https://registry.yarnpkg.com/xmldom/-/xmldom-0.1.27.tgz#d501f97b3bdb403af8ef9ecc20573187aadac0e9"
